
Microsoft Visual Studio Solution File, Format Version 12.00
# Visual Studio Version 17
VisualStudioVersion = 17.3.32901.215
MinimumVisualStudioVersion = 10.0.40219.1
Project("{8BC9CEB8-8B4A-11D0-8D11-00A0C91BC942}") = "2dFusedLasso", "2dFusedLasso\2dFusedLasso.vcxproj", "{B2049863-6059-469A-B050-872D85D96369}"
EndProject
Project("{8BC9CEB8-8B4A-11D0-8D11-00A0C91BC942}") = "InteriorPointMethod", "InteriorPointMethod\InteriorPointMethod.vcxproj", "{DEA874C0-B56B-4D03-A235-A1D9D326F465}"
EndProject
Project("{8BC9CEB8-8B4A-11D0-8D11-00A0C91BC942}") = "ProximalGradientDescent", "ProximalGradientDescent\ProximalGradientDescent.vcxproj", "{237E6577-9500-4B13-90FF-D9AC61E061C3}"
EndProject
Project("{8BC9CEB8-8B4A-11D0-8D11-00A0C91BC942}") = "1dFussedLassoUseADMM", "1dFussedLassoUseADMM\1dFussedLassoUseADMM.vcxproj", "{7F0EB878-4859-4050-A156-56DFEF09C2E7}"
EndProject
Global
	GlobalSection(SolutionConfigurationPlatforms) = preSolution
		Debug|x64 = Debug|x64
		Debug|x86 = Debug|x86
		Release|x64 = Release|x64
		Release|x86 = Release|x86
	EndGlobalSection
	GlobalSection(ProjectConfigurationPlatforms) = postSolution
		{B2049863-6059-469A-B050-872D85D96369}.Debug|x64.ActiveCfg = Debug|x64
		{B2049863-6059-469A-B050-872D85D96369}.Debug|x64.Build.0 = Debug|x64
		{B2049863-6059-469A-B050-872D85D96369}.Debug|x86.ActiveCfg = Debug|Win32
		{B2049863-6059-469A-B050-872D85D96369}.Debug|x86.Build.0 = Debug|Win32
		{B2049863-6059-469A-B050-872D85D96369}.Release|x64.ActiveCfg = Release|x64
		{B2049863-6059-469A-B050-872D85D96369}.Release|x64.Build.0 = Release|x64
		{B2049863-6059-469A-B050-872D85D96369}.Release|x86.ActiveCfg = Release|Win32
		{B2049863-6059-469A-B050-872D85D96369}.Release|x86.Build.0 = Release|Win32
		{DEA874C0-B56B-4D03-A235-A1D9D326F465}.Debug|x64.ActiveCfg = Debug|x64
		{DEA874C0-B56B-4D03-A235-A1D9D326F465}.Debug|x64.Build.0 = Debug|x64
		{DEA874C0-B56B-4D03-A235-A1D9D326F465}.Debug|x86.ActiveCfg = Debug|Win32
		{DEA874C0-B56B-4D03-A235-A1D9D326F465}.Debug|x86.Build.0 = Debug|Win32
		{DEA874C0-B56B-4D03-A235-A1D9D326F465}.Release|x64.ActiveCfg = Release|x64
		{DEA874C0-B56B-4D03-A235-A1D9D326F465}.Release|x64.Build.0 = Release|x64
		{DEA874C0-B56B-4D03-A235-A1D9D326F465}.Release|x86.ActiveCfg = Release|Win32
		{DEA874C0-B56B-4D03-A235-A1D9D326F465}.Release|x86.Build.0 = Release|Win32
		{237E6577-9500-4B13-90FF-D9AC61E061C3}.Debug|x64.ActiveCfg = Debug|x64
		{237E6577-9500-4B13-90FF-D9AC61E061C3}.Debug|x64.Build.0 = Debug|x64
		{237E6577-9500-4B13-90FF-D9AC61E061C3}.Debug|x86.ActiveCfg = Debug|Win32
		{237E6577-9500-4B13-90FF-D9AC61E061C3}.Debug|x86.Build.0 = Debug|Win32
		{237E6577-9500-4B13-90FF-D9AC61E061C3}.Release|x64.ActiveCfg = Release|x64
		{237E6577-9500-4B13-90FF-D9AC61E061C3}.Release|x64.Build.0 = Release|x64
		{237E6577-9500-4B13-90FF-D9AC61E061C3}.Release|x86.ActiveCfg = Release|Win32
		{237E6577-9500-4B13-90FF-D9AC61E061C3}.Release|x86.Build.0 = Release|Win32
		{7F0EB878-4859-4050-A156-56DFEF09C2E7}.Debug|x64.ActiveCfg = Debug|x64
		{7F0EB878-4859-4050-A156-56DFEF09C2E7}.Debug|x64.Build.0 = Debug|x64
		{7F0EB878-4859-4050-A156-56DFEF09C2E7}.Debug|x86.ActiveCfg = Debug|Win32
		{7F0EB878-4859-4050-A156-56DFEF09C2E7}.Debug|x86.Build.0 = Debug|Win32
		{7F0EB878-4859-4050-A156-56DFEF09C2E7}.Release|x64.ActiveCfg = Release|x64
		{7F0EB878-4859-4050-A156-56DFEF09C2E7}.Release|x64.Build.0 = Release|x64
		{7F0EB878-4859-4050-A156-56DFEF09C2E7}.Release|x86.ActiveCfg = Release|Win32
		{7F0EB878-4859-4050-A156-56DFEF09C2E7}.Release|x86.Build.0 = Release|Win32
	EndGlobalSection
	GlobalSection(SolutionProperties) = preSolution
		HideSolutionNode = FALSE
	EndGlobalSection
	GlobalSection(ExtensibilityGlobals) = postSolution
		SolutionGuid = {DE5BF804-34A3-48B4-B11C-F3B6B0F616C4}
	EndGlobalSection
EndGlobal
